
Microsoft Visual Studio Solution File, Format Version 12.00
# Visual Studio Version 17
VisualStudioVersion = 17.13.35931.197
MinimumVisualStudioVersion = 10.0.40219.1
Project("{FAE04EC0-301F-11D3-BF4B-00C04F79EFBC}") = "SafeVision_AI.API", "SafeVision_AI.API\SafeVision_AI.API.csproj", "{FDE7F354-D0B0-4125-9E80-FF175C7850E1}"
EndProject
Project("{FAE04EC0-301F-11D3-BF4B-00C04F79EFBC}") = "SafeVisionAI.Core", "SafeVisionAI.Core\SafeVisionAI.Core.csproj", "{8D589E26-E8E7-4B36-912B-80810CEBBC2B}"
EndProject
Project("{FAE04EC0-301F-11D3-BF4B-00C04F79EFBC}") = "SafeVisionAI.Infrastructure", "SafeVisionAI.Infrastructure\SafeVisionAI.Infrastructure.csproj", "{A1D16647-7490-412E-BE3B-E675F4993C44}"
EndProject
Global
	GlobalSection(SolutionConfigurationPlatforms) = preSolution
		Debug|Any CPU = Debug|Any CPU
		Release|Any CPU = Release|Any CPU
	EndGlobalSection
	GlobalSection(ProjectConfigurationPlatforms) = postSolution
		{FDE7F354-D0B0-4125-9E80-FF175C7850E1}.Debug|Any CPU.ActiveCfg = Debug|Any CPU
		{FDE7F354-D0B0-4125-9E80-FF175C7850E1}.Debug|Any CPU.Build.0 = Debug|Any CPU
		{FDE7F354-D0B0-4125-9E80-FF175C7850E1}.Release|Any CPU.ActiveCfg = Release|Any CPU
		{FDE7F354-D0B0-4125-9E80-FF175C7850E1}.Release|Any CPU.Build.0 = Release|Any CPU
		{8D589E26-E8E7-4B36-912B-80810CEBBC2B}.Debug|Any CPU.ActiveCfg = Debug|Any CPU
		{8D589E26-E8E7-4B36-912B-80810CEBBC2B}.Debug|Any CPU.Build.0 = Debug|Any CPU
		{8D589E26-E8E7-4B36-912B-80810CEBBC2B}.Release|Any CPU.ActiveCfg = Release|Any CPU
		{8D589E26-E8E7-4B36-912B-80810CEBBC2B}.Release|Any CPU.Build.0 = Release|Any CPU
		{A1D16647-7490-412E-BE3B-E675F4993C44}.Debug|Any CPU.ActiveCfg = Debug|Any CPU
		{A1D16647-7490-412E-BE3B-E675F4993C44}.Debug|Any CPU.Build.0 = Debug|Any CPU
		{A1D16647-7490-412E-BE3B-E675F4993C44}.Release|Any CPU.ActiveCfg = Release|Any CPU
		{A1D16647-7490-412E-BE3B-E675F4993C44}.Release|Any CPU.Build.0 = Release|Any CPU
	EndGlobalSection
	GlobalSection(SolutionProperties) = preSolution
		HideSolutionNode = FALSE
	EndGlobalSection
	GlobalSection(ExtensibilityGlobals) = postSolution
		SolutionGuid = {A2C0FB6A-52C3-450B-8834-69012E066DE8}
	EndGlobalSection
EndGlobal
